
Microsoft Visual Studio Solution File, Format Version 12.00
# Visual Studio Version 16
VisualStudioVersion = 16.0.30204.135
MinimumVisualStudioVersion = 10.0.40219.1
Project("{9A19103F-16F7-4668-BE54-9A1E7A4F7556}") = "ApiGuiAll", "ApiGuiAll.csproj", "{EB9EBA2C-1D8E-4866-925F-F9AE077F49DD}"
EndProject
Global
	GlobalSection(SolutionConfigurationPlatforms) = preSolution
		Debug|Any CPU = Debug|Any CPU
		Release|Any CPU = Release|Any CPU
	EndGlobalSection
	GlobalSection(ProjectConfigurationPlatforms) = postSolution
		{EB9EBA2C-1D8E-4866-925F-F9AE077F49DD}.Debug|Any CPU.ActiveCfg = Debug|Any CPU
		{EB9EBA2C-1D8E-4866-925F-F9AE077F49DD}.Debug|Any CPU.Build.0 = Debug|Any CPU
		{EB9EBA2C-1D8E-4866-925F-F9AE077F49DD}.Release|Any CPU.ActiveCfg = Release|Any CPU
		{EB9EBA2C-1D8E-4866-925F-F9AE077F49DD}.Release|Any CPU.Build.0 = Release|Any CPU
	EndGlobalSection
	GlobalSection(SolutionProperties) = preSolution
		HideSolutionNode = FALSE
	EndGlobalSection
	GlobalSection(ExtensibilityGlobals) = postSolution
		SolutionGuid = {12B0460A-15F3-4B94-B863-2B8771A90123}
	EndGlobalSection
EndGlobal
